
Microsoft Visual Studio Solution File, Format Version 12.00
# Blend for Visual Studio Version 16
VisualStudioVersion = 16.0.29709.97
MinimumVisualStudioVersion = 10.0.40219.1
Project("{FAE04EC0-301F-11D3-BF4B-00C04F79EFBC}") = "AutomatasAFD", "AutomatasAFD.csproj", "{2F9F6FBB-9068-4871-8E7A-8AA2A7990BB3}"
EndProject
Global
	GlobalSection(SolutionConfigurationPlatforms) = preSolution
		Debug|Any CPU = Debug|Any CPU
		Release|Any CPU = Release|Any CPU
	EndGlobalSection
	GlobalSection(ProjectConfigurationPlatforms) = postSolution
		{2F9F6FBB-9068-4871-8E7A-8AA2A7990BB3}.Debug|Any CPU.ActiveCfg = Debug|Any CPU
		{2F9F6FBB-9068-4871-8E7A-8AA2A7990BB3}.Debug|Any CPU.Build.0 = Debug|Any CPU
		{2F9F6FBB-9068-4871-8E7A-8AA2A7990BB3}.Release|Any CPU.ActiveCfg = Release|Any CPU
		{2F9F6FBB-9068-4871-8E7A-8AA2A7990BB3}.Release|Any CPU.Build.0 = Release|Any CPU
	EndGlobalSection
	GlobalSection(SolutionProperties) = preSolution
		HideSolutionNode = FALSE
	EndGlobalSection
	GlobalSection(ExtensibilityGlobals) = postSolution
		SolutionGuid = {FBCCD461-2D23-4C5E-B37A-2400AACB8BA4}
	EndGlobalSection
EndGlobal
